
Microsoft Visual Studio Solution File, Format Version 12.00
# Visual Studio Version 16
VisualStudioVersion = 16.0.30225.117
MinimumVisualStudioVersion = 10.0.40219.1
Project("{FAE04EC0-301F-11D3-BF4B-00C04F79EFBC}") = "Practica API CRUD", "Practica API CRUD\Practica API CRUD.csproj", "{871C5E2D-AA41-4C52-9255-D5FF8C7F5DB0}"
EndProject
Global
	GlobalSection(SolutionConfigurationPlatforms) = preSolution
		Debug|Any CPU = Debug|Any CPU
		Release|Any CPU = Release|Any CPU
	EndGlobalSection
	GlobalSection(ProjectConfigurationPlatforms) = postSolution
		{871C5E2D-AA41-4C52-9255-D5FF8C7F5DB0}.Debug|Any CPU.ActiveCfg = Debug|Any CPU
		{871C5E2D-AA41-4C52-9255-D5FF8C7F5DB0}.Debug|Any CPU.Build.0 = Debug|Any CPU
		{871C5E2D-AA41-4C52-9255-D5FF8C7F5DB0}.Release|Any CPU.ActiveCfg = Release|Any CPU
		{871C5E2D-AA41-4C52-9255-D5FF8C7F5DB0}.Release|Any CPU.Build.0 = Release|Any CPU
	EndGlobalSection
	GlobalSection(SolutionProperties) = preSolution
		HideSolutionNode = FALSE
	EndGlobalSection
	GlobalSection(ExtensibilityGlobals) = postSolution
		SolutionGuid = {23333216-AD7E-4D78-95D0-866E9F09773F}
	EndGlobalSection
EndGlobal
